
Microsoft Visual Studio Solution File, Format Version 12.00
# Visual Studio Version 16
VisualStudioVersion = 16.0.30804.86
MinimumVisualStudioVersion = 10.0.40219.1
Project("{FAE04EC0-301F-11D3-BF4B-00C04F79EFBC}") = "Çevre ve Alan  Hesaplama", "Çevre ve Alan  Hesaplama.csproj", "{FC1D209C-0B41-4D22-89C4-B4E163F93CF3}"
EndProject
Global
	GlobalSection(SolutionConfigurationPlatforms) = preSolution
		Debug|Any CPU = Debug|Any CPU
		Release|Any CPU = Release|Any CPU
	EndGlobalSection
	GlobalSection(ProjectConfigurationPlatforms) = postSolution
		{FC1D209C-0B41-4D22-89C4-B4E163F93CF3}.Debug|Any CPU.ActiveCfg = Debug|Any CPU
		{FC1D209C-0B41-4D22-89C4-B4E163F93CF3}.Debug|Any CPU.Build.0 = Debug|Any CPU
		{FC1D209C-0B41-4D22-89C4-B4E163F93CF3}.Release|Any CPU.ActiveCfg = Release|Any CPU
		{FC1D209C-0B41-4D22-89C4-B4E163F93CF3}.Release|Any CPU.Build.0 = Release|Any CPU
	EndGlobalSection
	GlobalSection(SolutionProperties) = preSolution
		HideSolutionNode = FALSE
	EndGlobalSection
	GlobalSection(ExtensibilityGlobals) = postSolution
		SolutionGuid = {28A42D5E-9EA2-4730-9AEF-F93DAC81F292}
	EndGlobalSection
EndGlobal
